github.com/ralvescosta/emqx-sdk-go v0.0.0-20230710093546-4ebd6dbd24e0 h1:7fnx648OzChCqHeZ5ek1udcd42RSaRCsx0sruRZC/Ro=
github.com/ralvescosta/emqx-sdk-go v0.0.0-20230710093546-4ebd6dbd24e0/go.mod h1:OfUVEd0JoWXEKM+mMfs8IP1U1tJfucgj3foUb/UG8Ac=
github.com/ralvescosta/emqx-sdk-go/service/metrics v0.0.0-20230710093546-4ebd6dbd24e0 h1:WNUaYjW8pO5vSxWL2xcUF2vFpJ7IGzMaNaHIGcgiEkQ=
github.com/ralvescosta/emqx-sdk-go/service/metrics v0.0.0-20230710093546-4ebd6dbd24e0/go.mod h1:JxZVm44gLFWmMksEKv9DvpS3D54hUWVN7X9+AP4Mzz0=
go.uber.org/atomic v1.11.0 h1:ZvwS0R+56ePWxUNi+Atn9dWONBPp/AUETXlHW0DxSjE=
go.uber.org/atomic v1.11.0/go.mod h1:LUxbIzbOniOlMKjJjyPfpl4v+PKK2cNJn91OQbhoJI0=
go.uber.org/multierr v1.11.0 h1:blXXJkSxSSfBVBlC76pxqeO+LN3aDfLQo+309xJstO0=
go.uber.org/multierr v1.11.0/go.mod h1:20+QtiLqy0Nd6FdQB9TLXag12DsQkrbs3htMFfDN80Y=
go.uber.org/zap v1.24.0 h1:FiJd5l1UOLj0wCgbSE0rwwXHzEdAZS6hiiSnxJN/D60=
go.uber.org/zap v1.24.0/go.mod h1:2kMP+WWQ8aoFoedH3T2sq6iJ2yDWpHbP0f6MQbS9Gkg=
